
Microsoft Visual Studio Solution File, Format Version 12.00
# Visual Studio Version 17
VisualStudioVersion = 17.7.34024.191
MinimumVisualStudioVersion = 10.0.40219.1
Project("{FAE04EC0-301F-11D3-BF4B-00C04F79EFBC}") = "testing", "testing.csproj", "{60F33C6F-1C10-4E44-BA33-B2FF4BBD6E57}"
EndProject
Global
	GlobalSection(SolutionConfigurationPlatforms) = preSolution
		Debug|Any CPU = Debug|Any CPU
		Release|Any CPU = Release|Any CPU
	EndGlobalSection
	GlobalSection(ProjectConfigurationPlatforms) = postSolution
		{60F33C6F-1C10-4E44-BA33-B2FF4BBD6E57}.Debug|Any CPU.ActiveCfg = Debug|Any CPU
		{60F33C6F-1C10-4E44-BA33-B2FF4BBD6E57}.Debug|Any CPU.Build.0 = Debug|Any CPU
		{60F33C6F-1C10-4E44-BA33-B2FF4BBD6E57}.Release|Any CPU.ActiveCfg = Release|Any CPU
		{60F33C6F-1C10-4E44-BA33-B2FF4BBD6E57}.Release|Any CPU.Build.0 = Release|Any CPU
	EndGlobalSection
	GlobalSection(SolutionProperties) = preSolution
		HideSolutionNode = FALSE
	EndGlobalSection
	GlobalSection(ExtensibilityGlobals) = postSolution
		SolutionGuid = {896A1FD5-69EA-44FA-8D10-AA35D14E7E15}
	EndGlobalSection
EndGlobal
